# This file is automatically @generated by Cargo.
# It is not intended for manual editing.
version = 3

[[package]]
name = "concat_const"
version = "0.1.3"
source = "registry+https://github.com/rust-lang/crates.io-index"
checksum = "105f2bacffc2751fc3f4f2b69b9c2d6f793d8807f03ee733e89a7baa8c9f8c42"

[[package]]
name = "static-dbus-signature"
version = "0.1.0"
dependencies = [
 "concat_const",
]
